{
  "name": "dovik-ttyglass-tools",
  "version": "0.0.0",
  "lockfileVersion": 3,
  "requires": true,
  "packages": {
    "": {
      "name": "dovik-ttyglass-tools",
      "version": "0.0.0",
      "devDependencies": {
        "ttyglass": "1.1.0"
      },
      "engines": {
        "node": "24.18.0"
      }
    },
    "node_modules/@maxiedev/ttyglass-darwin-arm64": {
      "version": "1.1.0",
      "resolved": "https://registry.npmjs.org/@maxiedev/ttyglass-darwin-arm64/-/ttyglass-darwin-arm64-1.1.0.tgz",
      "integrity": "sha512-nN8TUStTUpyR43WqCrL9MapGP0SDdShzhdk7MrR2FOJ+pIi4fYeEW9J0e5jvQFpDGE3N8RuUDAKXrQQ76XOqhA==",
      "cpu": [
        "arm64"
      ],
      "dev": true,
      "license": "Apache-2.0",
      "optional": true,
      "os": [
        "darwin"
      ]
    },
    "node_modules/@maxiedev/ttyglass-darwin-x64": {
      "version": "1.1.0",
      "resolved": "https://registry.npmjs.org/@maxiedev/ttyglass-darwin-x64/-/ttyglass-darwin-x64-1.1.0.tgz",
      "integrity": "sha512-ACOTp1TzJ/ibYtFEgO2C08qssZki6zBaSxxg6wTkYOKKs4Hn9Gy/YxSbjPgy/b8pqDVyNtGABKew2NzbSJSXWA==",
      "cpu": [
        "x64"
      ],
      "dev": true,
      "license": "Apache-2.0",
      "optional": true,
      "os": [
        "darwin"
      ]
    },
    "node_modules/@maxiedev/ttyglass-linux-x64-gnu": {
      "version": "1.1.0",
      "resolved": "https://registry.npmjs.org/@maxiedev/ttyglass-linux-x64-gnu/-/ttyglass-linux-x64-gnu-1.1.0.tgz",
      "integrity": "sha512-w54oe1e+LPPiwIBuhjqFerI5TZ+r3XYXWoNPTq+lJd1S+Va4bNdU8v6NApeSEqAYN2RvGZjfRE9QJTbCAbxkeA==",
      "cpu": [
        "x64"
      ],
      "dev": true,
      "libc": [
        "glibc"
      ],
      "license": "Apache-2.0",
      "optional": true,
      "os": [
        "linux"
      ]
    },
    "node_modules/@maxiedev/ttyglass-win32-x64": {
      "version": "1.1.0",
      "resolved": "https://registry.npmjs.org/@maxiedev/ttyglass-win32-x64/-/ttyglass-win32-x64-1.1.0.tgz",
      "integrity": "sha512-bOrgnUXp84dMFCYp6l7Fz4YjrljNvbe+PWH/nDcIIGY6TsuC6QSkFclmnpZyx2JJrsQ+Z1Ocx5xjCdr8IkN3uw==",
      "cpu": [
        "x64"
      ],
      "dev": true,
      "license": "Apache-2.0",
      "optional": true,
      "os": [
        "win32"
      ]
    },
    "node_modules/ttyglass": {
      "version": "1.1.0",
      "resolved": "https://registry.npmjs.org/ttyglass/-/ttyglass-1.1.0.tgz",
      "integrity": "sha512-Fve718kYmUts8u8+L2NgBgMs8/KzvIE+1/8I9Y0pyCarsit2SyY0DSYLXF5WDuyRCKYMsUQ5tiimob9xbVX8tQ==",
      "dev": true,
      "license": "Apache-2.0",
      "workspaces": [
        "apps/*",
        "frontend",
        "packages/*"
      ],
      "bin": {
        "ttyglass": "dist/cli.js"
      },
      "engines": {
        "node": "24.18.0"
      },
      "optionalDependencies": {
        "@maxiedev/ttyglass-darwin-arm64": "1.1.0",
        "@maxiedev/ttyglass-darwin-x64": "1.1.0",
        "@maxiedev/ttyglass-linux-x64-gnu": "1.1.0",
        "@maxiedev/ttyglass-win32-x64": "1.1.0"
      }
    }
  }
}
